
Microsoft Visual Studio Solution File, Format Version 12.00
# Visual Studio 14
VisualStudioVersion = 14.0.25420.1
MinimumVisualStudioVersion = 10.0.40219.1
Project("{FAE04EC0-301F-11D3-BF4B-00C04F79EFBC}") = "MyDataStructures", "MyDataStructures\MyDataStructures.csproj", "{28824DDE-A972-4A57-A90D-9E6E7D7AD1FF}"
EndProject
Project("{FAE04EC0-301F-11D3-BF4B-00C04F79EFBC}") = "MyDesignPatterns", "MyDesignPatterns\MyDesignPatterns.csproj", "{447F9413-C4EC-4FB9-8714-ACA587B4F4D0}"
EndProject
Project("{FAE04EC0-301F-11D3-BF4B-00C04F79EFBC}") = "MyCodeExamples", "MyCodeExamples\MyCodeExamples.csproj", "{207ACA8E-4469-4EC0-9651-C997C2432CED}"
EndProject
Global
	GlobalSection(SolutionConfigurationPlatforms) = preSolution
		Debug|Any CPU = Debug|Any CPU
		Release|Any CPU = Release|Any CPU
	EndGlobalSection
	GlobalSection(ProjectConfigurationPlatforms) = postSolution
		{28824DDE-A972-4A57-A90D-9E6E7D7AD1FF}.Debug|Any CPU.ActiveCfg = Debug|Any CPU
		{28824DDE-A972-4A57-A90D-9E6E7D7AD1FF}.Debug|Any CPU.Build.0 = Debug|Any CPU
		{28824DDE-A972-4A57-A90D-9E6E7D7AD1FF}.Release|Any CPU.ActiveCfg = Release|Any CPU
		{28824DDE-A972-4A57-A90D-9E6E7D7AD1FF}.Release|Any CPU.Build.0 = Release|Any CPU
		{447F9413-C4EC-4FB9-8714-ACA587B4F4D0}.Debug|Any CPU.ActiveCfg = Debug|Any CPU
		{447F9413-C4EC-4FB9-8714-ACA587B4F4D0}.Debug|Any CPU.Build.0 = Debug|Any CPU
		{447F9413-C4EC-4FB9-8714-ACA587B4F4D0}.Release|Any CPU.ActiveCfg = Release|Any CPU
		{447F9413-C4EC-4FB9-8714-ACA587B4F4D0}.Release|Any CPU.Build.0 = Release|Any CPU
		{207ACA8E-4469-4EC0-9651-C997C2432CED}.Debug|Any CPU.ActiveCfg = Debug|Any CPU
		{207ACA8E-4469-4EC0-9651-C997C2432CED}.Debug|Any CPU.Build.0 = Debug|Any CPU
		{207ACA8E-4469-4EC0-9651-C997C2432CED}.Release|Any CPU.ActiveCfg = Release|Any CPU
		{207ACA8E-4469-4EC0-9651-C997C2432CED}.Release|Any CPU.Build.0 = Release|Any CPU
	EndGlobalSection
	GlobalSection(SolutionProperties) = preSolution
		HideSolutionNode = FALSE
	EndGlobalSection
EndGlobal
